
Microsoft Visual Studio Solution File, Format Version 11.00
# Visual Studio 2010
Project("{FAE04EC0-301F-11D3-BF4B-00C04F79EFBC}") = "Hearthstone", "Assembly-CSharp.csproj", "{474E89ED-1510-7D27-8FCC-F235372CC020}"
EndProject
Global
	GlobalSection(SolutionConfigurationPlatforms) = preSolution
		Debug|Any CPU = Debug|Any CPU
		Release|Any CPU = Release|Any CPU
	EndGlobalSection
	GlobalSection(ProjectConfigurationPlatforms) = postSolution
		{474E89ED-1510-7D27-8FCC-F235372CC020}.Debug|Any CPU.ActiveCfg = Debug|Any CPU
		{474E89ED-1510-7D27-8FCC-F235372CC020}.Debug|Any CPU.Build.0 = Debug|Any CPU
		{474E89ED-1510-7D27-8FCC-F235372CC020}.Release|Any CPU.ActiveCfg = Release|Any CPU
		{474E89ED-1510-7D27-8FCC-F235372CC020}.Release|Any CPU.Build.0 = Release|Any CPU
	EndGlobalSection
	GlobalSection(SolutionProperties) = preSolution
		HideSolutionNode = FALSE
	EndGlobalSection
	GlobalSection(MonoDevelopProperties) = preSolution
		StartupItem = Assembly-CSharp.csproj
	EndGlobalSection
EndGlobal
